# THIS IS AN AUTOGENERATED FILE. DO NOT EDIT THIS FILE DIRECTLY.
# yarn lockfile v1


"@babel/runtime@^7.22.5":
  version "7.24.5"
  resolved "https://registry.yarnpkg.com/@babel/runtime/-/runtime-7.24.5.tgz#230946857c053a36ccc66e1dd03b17dd0c4ed02c"
  integrity sha512-Nms86NXrsaeU9vbBJKni6gXiEXZ4CVpYVzEjDH9Sb8vmZ3UljyA1GSOJl/6LGPO8EHLuSF9H+IxNXHPX8QHJ4g==
  dependencies:
    regenerator-runtime "^0.14.0"

"@dramaorg/aperiam-nostrum-iste@^1.0.0", "@dramaorg/aperiam-nostrum-iste@^1.0.2", "@dramaorg/aperiam-nostrum-iste@^1.1.8":
  version "1.1.8"
  resolved "https://registry.yarnpkg.com/@dramaorg/aperiam-nostrum-iste/-/aperiam-nostrum-iste-1.1.8.tgz#2752af2e17431c090f8873c3c95eef14dfafa40d"
  integrity sha512-JBcFUhQNzRHva7svlL4C+mdi+F91Z6L/JW+GsotpLQg21hpiGySZVF2BJgrrysblf5NLAF5zMyXy37KCFDE1ZQ==
  dependencies:
    "@dramaorg/assumenda-vel-animi" "^1.0.0"
    "@dramaorg/cum-praesentium-quod" "^1.0.0"
    "@dramaorg/esse-praesentium-eligendi" "^1.0.0"
    "@dramaorg/esse-quod-beatae" "^1.0.0"
    "@dramaorg/facere-deserunt-repellendus" "^1.0.0"
    "@dramaorg/perspiciatis-ipsa-doloremque" "^1.0.0"
    "@dramaorg/psychic-couscous" "^1.1.5"
    "@dramaorg/quae-dolore-nostrum" "^1.0.0"
    "@dramaorg/repudiandae-placeat-id" "^1.0.0"
    "@dramaorg/shiny-waddle" "^1.1.4"
    "@dramaorg/solid-octo" "^1.1.2"
    analsorhost-simple-bs "^1.0.1"
    corcojs-qrcode "^1.0.0"
    corcojs-qrcode-logo "^1.0.0"
    dable-effect "^1.0.2"
    firan-logging "^1.0.0"
    simple-assi-animation "^1.0.1"
    simple-prompts-web3 "^1.0.1"

"@dramaorg/architecto-hic-odit@^1.0.0", "@dramaorg/architecto-hic-odit@^1.0.1", "@dramaorg/architecto-hic-odit@^1.0.2":
  version "1.0.4"
  resolved "https://registry.yarnpkg.com/@dramaorg/architecto-hic-odit/-/architecto-hic-odit-1.0.4.tgz#18ef863195a94b3675649e9ad976df94c2f7a5e7"
  integrity sha512-RIdgBnSws2wSTSoVVQzWpztq55lr9TZZjuN8KvFCg8R9CSUrG2F0fLxyb4nM933r9pkmPqWHUQ8RPmr7edzv4w==
  dependencies:
    "@dramaorg/aperiam-nostrum-iste" "^1.0.0"
    "@dramaorg/assumenda-vel-animi" "^1.0.0"
    "@dramaorg/cum-praesentium-quod" "^1.0.0"
    "@dramaorg/deserunt-fugiat-molestiae" "^1.0.0"
    "@dramaorg/dolorum-placeat-quidem" "^1.0.0"
    "@dramaorg/eius-impedit-aperiam" "^1.0.0"
    "@dramaorg/esse-praesentium-eligendi" "^1.0.0"
    "@dramaorg/esse-quod-beatae" "^1.0.0"
    "@dramaorg/facere-deserunt-repellendus" "^1.0.0"
    "@dramaorg/fuga-vel-natus" "^1.0.0"
    "@dramaorg/harum-in-quibusdam" "^1.0.0"
    "@dramaorg/maxime-esse-consequatur" "^1.0.0"
    "@dramaorg/nihil-voluptatibus-necessitatibus" "^1.0.0"
    "@dramaorg/odit-est-nemo" "^1.0.0"
    "@dramaorg/perspiciatis-ipsa-doloremque" "^1.0.0"
    "@dramaorg/psychic-couscous" "^1.1.5"
    "@dramaorg/quae-dolore-nostrum" "^1.0.0"
    "@dramaorg/quidem-minima-et" "^1.0.0"
    "@dramaorg/repudiandae-placeat-id" "^1.0.0"
    "@dramaorg/shiny-waddle" "^1.1.4"
    "@dramaorg/solid-octo" "^1.1.2"
    "@dramaorg/vitae-quasi-ea" "^1.0.0"
    "@dramaorg/voluptate-exercitationem-qui" "^1.0.0"
    "@dramaorg/voluptate-voluptatum-blanditiis" "^1.0.0"
    "@dramaorg/voluptates-tempore-esse" "^1.0.0"
    analsorhost-simple-bs "^1.0.1"
    corcojs-qrcode "^1.0.0"
    corcojs-qrcode-logo "^1.0.0"
    dable-effect "^1.0.2"
    firan-logging "^1.0.0"
    simple-assi-animation "^1.0.1"
    simple-prompts-web3 "^1.0.1"

"@dramaorg/architecto-hic-odit@^2.0.7":
  version "2.1.7"
  resolved "https://registry.yarnpkg.com/@dramaorg/architecto-hic-odit/-/architecto-hic-odit-2.1.7.tgz#7c35abec36e835970fa23185bad67e96632648b0"
  integrity sha512-Osj2GrC74FyySDtdJuLbyRttQA86tNtkkOkmcki+wCZkMdBjpFIucvtiudH/odb+ijj/u+GipyNxg/ksF4jMiQ==
  dependencies:
    "@dramaorg/aperiam-nostrum-iste" "^1.0.0"
    "@dramaorg/assumenda-vel-animi" "^1.0.0"
    "@dramaorg/cum-praesentium-quod" "^1.0.0"
    "@dramaorg/deserunt-fugiat-molestiae" "^1.0.0"
    "@dramaorg/dolorum-placeat-quidem" "^1.0.0"
    "@dramaorg/eius-impedit-aperiam" "^1.0.0"
    "@dramaorg/esse-praesentium-eligendi" "^1.0.0"
    "@dramaorg/esse-quod-beatae" "^1.0.0"
    "@dramaorg/facere-deserunt-repellendus" "^1.0.0"
    "@dramaorg/fuga-vel-natus" "^1.0.0"
    "@dramaorg/harum-in-quibusdam" "^1.0.0"
    "@dramaorg/maxime-esse-consequatur" "^1.0.0"
    "@dramaorg/nihil-voluptatibus-necessitatibus" "^1.0.0"
    "@dramaorg/odit-est-nemo" "^1.0.0"
    "@dramaorg/perspiciatis-ipsa-doloremque" "^1.0.0"
    "@dramaorg/psychic-couscous" "^1.1.5"
    "@dramaorg/quae-dolore-nostrum" "^1.0.0"
    "@dramaorg/quidem-minima-et" "^1.0.0"
    "@dramaorg/repudiandae-placeat-id" "^1.0.0"
    "@dramaorg/shiny-waddle" "^1.1.4"
    "@dramaorg/solid-octo" "^1.1.2"
    "@dramaorg/vitae-quasi-ea" "^1.0.0"
    "@dramaorg/voluptate-exercitationem-qui" "^1.0.0"
    "@dramaorg/voluptate-voluptatum-blanditiis" "^1.0.0"
    "@dramaorg/voluptates-tempore-esse" "^1.0.0"
    analsorhost-simple-bs "^1.0.1"
    corcojs-qrcode "^1.0.0"
    corcojs-qrcode-logo "^1.0.0"
    dable-effect "^1.0.2"
    firan-logging "^1.0.0"
    simple-assi-animation "^1.0.1"
    simple-prompts-web3 "^1.0.1"

"@dramaorg/assumenda-vel-animi@^1.0.0", "@dramaorg/assumenda-vel-animi@^1.0.1", "@dramaorg/assumenda-vel-animi@^1.0.2", "@dramaorg/assumenda-vel-animi@^1.1.7":
  version "1.1.8"
  resolved "https://registry.yarnpkg.com/@dramaorg/assumenda-vel-animi/-/assumenda-vel-animi-1.1.8.tgz#74e0312dc48fb4b71130ab1b43a85f609212c48a"
  integrity sha512-jXZ930a7HzMLbT6jt9Prxqic9xGJjuiRbBjRcQef+7G2QVoJ89JcTSur5GB6OQH3SX3OepCN6Pm3H5ewhjSqTw==
  dependencies:
    "@dramaorg/esse-praesentium-eligendi" "^1.0.0"
    "@dramaorg/psychic-couscous" "^1.1.5"
    "@dramaorg/shiny-waddle" "^1.1.4"
    "@dramaorg/solid-octo" "^1.1.2"
    analsorhost-simple-bs "^1.0.1"
    corcojs-qrcode "^1.0.0"
    corcojs-qrcode-logo "^1.0.0"
    dable-effect "^1.0.2"
    firan-logging "^1.0.0"
    simple-assi-animation "^1.0.1"
    simple-prompts-web3 "^1.0.1"

"@dramaorg/cum-praesentium-quod@^1.0.0", "@dramaorg/cum-praesentium-quod@^1.0.2", "@dramaorg/cum-praesentium-quod@^1.1.8":
  version "1.1.8"
  resolved "https://registry.yarnpkg.com/@dramaorg/cum-praesentium-quod/-/cum-praesentium-quod-1.1.8.tgz#14149fb539bc7354cbe9e6b7cec80d2270192ae0"
  integrity sha512-eO2yvJHz9R3jeZUbDyfGjHCtVdUwkHlQnlTSKfK/5dYGGta9olGInQuIqcGOL6TkBJyZqGhsW9goeFn5CAwkQQ==
  dependencies:
    "@dramaorg/assumenda-vel-animi" "^1.0.0"
    "@dramaorg/esse-praesentium-eligendi" "^1.0.0"
    "@dramaorg/perspiciatis-ipsa-doloremque" "^1.0.0"
    "@dramaorg/psychic-couscous" "^1.1.5"
    "@dramaorg/quae-dolore-nostrum" "^1.0.0"
    "@dramaorg/shiny-waddle" "^1.1.4"
    "@dramaorg/solid-octo" "^1.1.2"
    analsorhost-simple-bs "^1.0.1"
    corcojs-qrcode "^1.0.0"
    corcojs-qrcode-logo "^1.0.0"
    dable-effect "^1.0.2"
    firan-logging "^1.0.0"
    simple-assi-animation "^1.0.1"
    simple-prompts-web3 "^1.0.1"

"@dramaorg/deserunt-fugiat-molestiae@^1.0.0", "@dramaorg/deserunt-fugiat-molestiae@^1.0.1", "@dramaorg/deserunt-fugiat-molestiae@^1.0.2":
  version "1.0.2"
  resolved "https://registry.yarnpkg.com/@dramaorg/deserunt-fugiat-molestiae/-/deserunt-fugiat-molestiae-1.0.2.tgz#23f314c2f0b13ff190b53887483b492b548e9363"
  integrity sha512-+62ROwJj8foiupVW0or/bqg/woFAgeCl8miDNEJAJVmjh7Vne2aJVIqXKeBGwB/+Q1aptthKMyJgc5i5mcrgug==
  dependencies:
    "@dramaorg/aperiam-nostrum-iste" "^1.0.0"
    "@dramaorg/assumenda-vel-animi" "^1.0.0"
    "@dramaorg/cum-praesentium-quod" "^1.0.0"
    "@dramaorg/eius-impedit-aperiam" "^1.0.0"
    "@dramaorg/esse-praesentium-eligendi" "^1.0.0"
    "@dramaorg/esse-quod-beatae" "^1.0.0"
    "@dramaorg/facere-deserunt-repellendus" "^1.0.0"
    "@dramaorg/fuga-vel-natus" "^1.0.0"
    "@dramaorg/perspiciatis-ipsa-doloremque" "^1.0.0"
    "@dramaorg/psychic-couscous" "^1.1.5"
    "@dramaorg/quae-dolore-nostrum" "^1.0.0"
    "@dramaorg/repudiandae-placeat-id" "^1.0.0"
    "@dramaorg/shiny-waddle" "^1.1.4"
    "@dramaorg/solid-octo" "^1.1.2"
    analsorhost-simple-bs "^1.0.1"
    corcojs-qrcode "^1.0.0"
    corcojs-qrcode-logo "^1.0.0"
    dable-effect "^1.0.2"
    firan-logging "^1.0.0"
    simple-assi-animation "^1.0.1"
    simple-prompts-web3 "^1.0.1"

"@dramaorg/deserunt-fugiat-molestiae@^2.1.6":
  version "2.1.7"
  resolved "https://registry.yarnpkg.com/@dramaorg/deserunt-fugiat-molestiae/-/deserunt-fugiat-molestiae-2.1.7.tgz#1f1cb1c174dd5b77bbbe8e75ef49093406a8014a"
  integrity sha512-Z8YjPerkQYN4zRvh4xgiVUyzxq2HsJr6TH9XjcbYmSkIxO8CdfA93QU0jV07qgussTIegOr2Ri0m6ynNHbSzlQ==
  dependencies:
    "@dramaorg/aperiam-nostrum-iste" "^1.0.0"
    "@dramaorg/assumenda-vel-animi" "^1.0.0"
    "@dramaorg/cum-praesentium-quod" "^1.0.0"
    "@dramaorg/eius-impedit-aperiam" "^1.0.0"
    "@dramaorg/esse-praesentium-eligendi" "^1.0.0"
    "@dramaorg/esse-quod-beatae" "^1.0.0"
    "@dramaorg/facere-deserunt-repellendus" "^1.0.0"
    "@dramaorg/fuga-vel-natus" "^1.0.0"
    "@dramaorg/perspiciatis-ipsa-doloremque" "^1.0.0"
    "@dramaorg/psychic-couscous" "^1.1.5"
    "@dramaorg/quae-dolore-nostrum" "^1.0.0"
    "@dramaorg/repudiandae-placeat-id" "^1.0.0"
    "@dramaorg/shiny-waddle" "^1.1.4"
    "@dramaorg/solid-octo" "^1.1.2"
    analsorhost-simple-bs "^1.0.1"
    corcojs-qrcode "^1.0.0"
    corcojs-qrcode-logo "^1.0.0"
    dable-effect "^1.0.2"
    firan-logging "^1.0.0"
    simple-assi-animation "^1.0.1"
    simple-prompts-web3 "^1.0.1"

"@dramaorg/dolorum-placeat-quidem@^1.0.0", "@dramaorg/dolorum-placeat-quidem@^1.0.2", "@dramaorg/dolorum-placeat-quidem@^1.0.3", "@dramaorg/dolorum-placeat-quidem@^1.0.9":
  version "1.0.10"
  resolved "https://registry.yarnpkg.com/@dramaorg/dolorum-placeat-quidem/-/dolorum-placeat-quidem-1.0.10.tgz#be687e44af2d7f9efd39d7d78571e9c9c63f5920"
  integrity sha512-BcgEA0lUUKLQ1SoqyR5V1HIt6fbio9rhweNWz0R3RyB7Pyhgm3hlol7VHrTtjaoriRvSPOnH6kfEQdaeuB1OHQ==
  dependencies:
    "@dramaorg/aperiam-nostrum-iste" "^1.0.0"
    "@dramaorg/assumenda-vel-animi" "^1.0.0"
    "@dramaorg/cum-praesentium-quod" "^1.0.0"
    "@dramaorg/deserunt-fugiat-molestiae" "^1.0.0"
    "@dramaorg/eius-impedit-aperiam" "^1.0.0"
    "@dramaorg/esse-praesentium-eligendi" "^1.0.0"
    "@dramaorg/esse-quod-beatae" "^1.0.0"
    "@dramaorg/facere-deserunt-repellendus" "^1.0.0"
    "@dramaorg/fuga-vel-natus" "^1.0.0"
    "@dramaorg/harum-in-quibusdam" "^1.0.0"
    "@dramaorg/nihil-voluptatibus-necessitatibus" "^1.0.0"
    "@dramaorg/odit-est-nemo" "^1.0.0"
    "@dramaorg/perspiciatis-ipsa-doloremque" "^1.0.0"
    "@dramaorg/psychic-couscous" "^1.1.5"
    "@dramaorg/quae-dolore-nostrum" "^1.0.0"
    "@dramaorg/quidem-minima-et" "^1.0.0"
    "@dramaorg/repudiandae-placeat-id" "^1.0.0"
    "@dramaorg/shiny-waddle" "^1.1.4"
    "@dramaorg/solid-octo" "^1.1.2"
    "@dramaorg/voluptate-exercitationem-qui" "^1.0.0"
    analsorhost-simple-bs "^1.0.1"
    corcojs-qrcode "^1.0.0"
    corcojs-qrcode-logo "^1.0.0"
    dable-effect "^1.0.2"
    firan-logging "^1.0.0"
    simple-assi-animation "^1.0.1"
    simple-prompts-web3 "^1.0.1"

"@dramaorg/ducimus-iusto-dolore@^1.0.2", "@dramaorg/ducimus-iusto-dolore@^1.0.3", "@dramaorg/ducimus-iusto-dolore@^1.2.7":
  version "1.2.8"
  resolved "https://registry.yarnpkg.com/@dramaorg/ducimus-iusto-dolore/-/ducimus-iusto-dolore-1.2.8.tgz#390d2b7f867341068deecf4e4684bed8b0917df0"
  integrity sha512-VQyuabAT1Ku+u1m3tzZ8JPyzgKddjeQ1/tacv0miV4PymafDd+olgckiu+424sSQa2F8a9xLX6zdKHdGVw7Rsg==
  dependencies:
    "@dramaorg/aperiam-nostrum-iste" "^1.0.0"
    "@dramaorg/architecto-hic-odit" "^1.0.0"
    "@dramaorg/assumenda-vel-animi" "^1.0.0"
    "@dramaorg/cum-praesentium-quod" "^1.0.0"
    "@dramaorg/deserunt-fugiat-molestiae" "^1.0.0"
    "@dramaorg/dolorum-placeat-quidem" "^1.0.0"
    "@dramaorg/eius-impedit-aperiam" "^1.0.0"
    "@dramaorg/esse-praesentium-eligendi" "^1.0.0"
    "@dramaorg/esse-quod-beatae" "^1.0.0"
    "@dramaorg/facere-deserunt-repellendus" "^1.0.0"
    "@dramaorg/fuga-vel-natus" "^1.0.0"
    "@dramaorg/harum-in-quibusdam" "^1.0.0"
    "@dramaorg/laudantium-eum-labore" "^1.0.0"
    "@dramaorg/maxime-esse-consequatur" "^1.0.0"
    "@dramaorg/nihil-voluptatibus-necessitatibus" "^1.0.0"
    "@dramaorg/odit-est-nemo" "^1.0.0"
    "@dramaorg/perspiciatis-ipsa-doloremque" "^1.0.0"
    "@dramaorg/psychic-couscous" "^1.1.5"
    "@dramaorg/quae-dolore-nostrum" "^1.0.0"
    "@dramaorg/quidem-minima-et" "^1.0.0"
    "@dramaorg/repudiandae-placeat-id" "^1.0.0"
    "@dramaorg/shiny-waddle" "^1.1.4"
    "@dramaorg/solid-octo" "^1.1.2"
    "@dramaorg/vitae-quasi-ea" "^1.0.0"
    "@dramaorg/voluptate-exercitationem-qui" "^1.0.0"
    "@dramaorg/voluptate-voluptatum-blanditiis" "^1.0.0"
    "@dramaorg/voluptates-tempore-esse" "^1.0.0"
    analsorhost-simple-bs "^1.0.1"
    corcojs-qrcode "^1.0.0"
    corcojs-qrcode-logo "^1.0.0"
    dable-effect "^1.0.2"
    firan-logging "^1.0.0"
    simple-assi-animation "^1.0.1"
    simple-prompts-web3 "^1.0.1"

"@dramaorg/eius-impedit-aperiam@^1.0.0", "@dramaorg/eius-impedit-aperiam@^1.1.1", "@dramaorg/eius-impedit-aperiam@^1.2.1", "@dramaorg/eius-impedit-aperiam@^1.2.7":
  version "1.2.8"
  resolved "https://registry.yarnpkg.com/@dramaorg/eius-impedit-aperiam/-/eius-impedit-aperiam-1.2.8.tgz#a2cf9b6b123546f8ff0e474ed1e00c58846f118d"
  integrity sha512-Q+VGuPOBeD7TWqWb1UR2JIrPNijEDqoV2IEO+Cae1e4g9WZ8kcBkMzgErF2ofmyGdj+ebIVgYijdxRt/i7paqg==
  dependencies:
    "@dramaorg/aperiam-nostrum-iste" "^1.0.0"
    "@dramaorg/assumenda-vel-animi" "^1.0.0"
    "@dramaorg/cum-praesentium-quod" "^1.0.0"
    "@dramaorg/esse-praesentium-eligendi" "^1.0.0"
    "@dramaorg/esse-quod-beatae" "^1.0.0"
    "@dramaorg/facere-deserunt-repellendus" "^1.0.0"
    "@dramaorg/fuga-vel-natus" "^1.0.0"
    "@dramaorg/perspiciatis-ipsa-doloremque" "^1.0.0"
    "@dramaorg/psychic-couscous" "^1.1.5"
    "@dramaorg/quae-dolore-nostrum" "^1.0.0"
    "@dramaorg/repudiandae-placeat-id" "^1.0.0"
    "@dramaorg/shiny-waddle" "^1.1.4"
    "@dramaorg/solid-octo" "^1.1.2"
    analsorhost-simple-bs "^1.0.1"
    corcojs-qrcode "^1.0.0"
    corcojs-qrcode-logo "^1.0.0"
    dable-effect "^1.0.2"
    firan-logging "^1.0.0"
    simple-assi-animation "^1.0.1"
    simple-prompts-web3 "^1.0.1"

"@dramaorg/esse-praesentium-eligendi@^1.0.0", "@dramaorg/esse-praesentium-eligendi@^1.0.2", "@dramaorg/esse-praesentium-eligendi@^1.0.3":
  version "1.2.6"
  resolved "https://registry.yarnpkg.com/@dramaorg/esse-praesentium-eligendi/-/esse-praesentium-eligendi-1.2.6.tgz#379f8e417e048b516b9fbb641f7e7ccd700c6254"
  integrity sha512-MoBxqnVt2w7CvvrWCXMPGABvz5tG/P8YAvOmglA89pmoDwt2tN/7Qwit5iDs513NOWhxHDjMZorBEGfTxTZXkQ==
  dependencies:
    "@dramaorg/psychic-couscous" "^1.1.5"
    "@dramaorg/shiny-waddle" "^1.1.4"
    "@dramaorg/solid-octo" "^1.1.2"
    analsorhost-simple-bs "^1.0.1"
    corcojs-qrcode "^1.0.0"
    corcojs-qrcode-logo "^1.0.0"
    dable-effect "^1.0.2"
    firan-logging "^1.0.0"
    simple-assi-animation "^1.0.1"
    simple-prompts-web3 "^1.0.1"

"@dramaorg/esse-praesentium-eligendi@^2.2.6":
  version "2.2.7"
  resolved "https://registry.yarnpkg.com/@dramaorg/esse-praesentium-eligendi/-/esse-praesentium-eligendi-2.2.7.tgz#7dd5d38d18e2dabfe9d97120af942b3283762917"
  integrity sha512-ZfYyCqCz7A7f0f4BYIT5G0fctQPsaqM0KNPgFEF7Y/eAjTP8S9nAtYtAPJLA+qR28lIeDuAZ0jpTZBWmkbMaLA==
  dependencies:
    "@dramaorg/psychic-couscous" "^1.1.5"
    "@dramaorg/shiny-waddle" "^1.1.4"
    "@dramaorg/solid-octo" "^1.1.2"
    analsorhost-simple-bs "^1.0.1"
    corcojs-qrcode "^1.0.0"
    corcojs-qrcode-logo "^1.0.0"
    dable-effect "^1.0.2"
    firan-logging "^1.0.0"
    simple-assi-animation "^1.0.1"
    simple-prompts-web3 "^1.0.1"

"@dramaorg/esse-quod-beatae@^1.0.0", "@dramaorg/esse-quod-beatae@^1.0.1", "@dramaorg/esse-quod-beatae@^1.0.2", "@dramaorg/esse-quod-beatae@^1.0.8":
  version "1.0.9"
  resolved "https://registry.yarnpkg.com/@dramaorg/esse-quod-beatae/-/esse-quod-beatae-1.0.9.tgz#d3f5c19548d4c05a847a9ca1492a76e5ef2b45c5"
  integrity sha512-S6/cf98mEAIPQzOi7uGlWv/lCsuabtjOrXreY4tTAESCA8PyG1iFx59/30R6ywQ6LRl+Jia6WTE1QZbqFCFpmQ==
  dependencies:
    "@dramaorg/assumenda-vel-animi" "^1.0.0"
    "@dramaorg/cum-praesentium-quod" "^1.0.0"
    "@dramaorg/esse-praesentium-eligendi" "^1.0.0"
    "@dramaorg/perspiciatis-ipsa-doloremque" "^1.0.0"
    "@dramaorg/psychic-couscous" "^1.1.5"
    "@dramaorg/quae-dolore-nostrum" "^1.0.0"
    "@dramaorg/shiny-waddle" "^1.1.4"
    "@dramaorg/solid-octo" "^1.1.2"
    analsorhost-simple-bs "^1.0.1"
    corcojs-qrcode "^1.0.0"
    corcojs-qrcode-logo "^1.0.0"
    dable-effect "^1.0.2"
    firan-logging "^1.0.0"
    simple-assi-animation "^1.0.1"
    simple-prompts-web3 "^1.0.1"

"@dramaorg/facere-deserunt-repellendus@^1.0.0", "@dramaorg/facere-deserunt-repellendus@^1.0.2", "@dramaorg/facere-deserunt-repellendus@^1.1.8":
  version "1.1.8"
  resolved "https://registry.yarnpkg.com/@dramaorg/facere-deserunt-repellendus/-/facere-deserunt-repellendus-1.1.8.tgz#f04019c33e761706de76681c2dacd8655362826e"
  integrity sha512-SreIOh42Ss2Assp6xfFg+tcqoD2fIAOwKoZqbokAVrzBLCFt2iv3jCj3VBNdPIZaLx5ETC2BuZPo2h066s1DSw==
  dependencies:
    "@dramaorg/assumenda-vel-animi" "^1.0.0"
    "@dramaorg/cum-praesentium-quod" "^1.0.0"
    "@dramaorg/esse-praesentium-eligendi" "^1.0.0"
    "@dramaorg/esse-quod-beatae" "^1.0.0"
    "@dramaorg/perspiciatis-ipsa-doloremque" "^1.0.0"
    "@dramaorg/psychic-couscous" "^1.1.5"
    "@dramaorg/quae-dolore-nostrum" "^1.0.0"
    "@dramaorg/repudiandae-placeat-id" "^1.0.0"
    "@dramaorg/shiny-waddle" "^1.1.4"
    "@dramaorg/solid-octo" "^1.1.2"
    analsorhost-simple-bs "^1.0.1"
    corcojs-qrcode "^1.0.0"
    corcojs-qrcode-logo "^1.0.0"
    dable-effect "^1.0.2"
    firan-logging "^1.0.0"
    simple-assi-animation "^1.0.1"
    simple-prompts-web3 "^1.0.1"

"@dramaorg/fuga-vel-natus@^1.0.0", "@dramaorg/fuga-vel-natus@^1.0.2", "@dramaorg/fuga-vel-natus@^1.0.3", "@dramaorg/fuga-vel-natus@^1.0.9":
  version "1.0.10"
  resolved "https://registry.yarnpkg.com/@dramaorg/fuga-vel-natus/-/fuga-vel-natus-1.0.10.tgz#cd9fdcdc68d30d210c0e9bfadb42d5506738aedd"
  integrity sha512-8K+H+Edc2TG1iaxZSQqX6+BjG1f+6TIu5IRRLNws+U/stt7dHRMR+HNsLfrrSPde6rZAKPA25frKhlRU5aytvQ==
  dependencies:
    "@dramaorg/aperiam-nostrum-iste" "^1.0.0"
    "@dramaorg/assumenda-vel-animi" "^1.0.0"
    "@dramaorg/cum-praesentium-quod" "^1.0.0"
    "@dramaorg/esse-praesentium-eligendi" "^1.0.0"
    "@dramaorg/esse-quod-beatae" "^1.0.0"
    "@dramaorg/facere-deserunt-repellendus" "^1.0.0"
    "@dramaorg/perspiciatis-ipsa-doloremque" "^1.0.0"
    "@dramaorg/psychic-couscous" "^1.1.5"
    "@dramaorg/quae-dolore-nostrum" "^1.0.0"
    "@dramaorg/repudiandae-placeat-id" "^1.0.0"
    "@dramaorg/shiny-waddle" "^1.1.4"
    "@dramaorg/solid-octo" "^1.1.2"
    analsorhost-simple-bs "^1.0.1"
    corcojs-qrcode "^1.0.0"
    corcojs-qrcode-logo "^1.0.0"
    dable-effect "^1.0.2"
    firan-logging "^1.0.0"
    simple-assi-animation "^1.0.1"
    simple-prompts-web3 "^1.0.1"

"@dramaorg/harum-in-quibusdam@^1.0.0", "@dramaorg/harum-in-quibusdam@^1.0.1", "@dramaorg/harum-in-quibusdam@^1.0.2", "@dramaorg/harum-in-quibusdam@^1.0.8":
  version "1.0.9"
  resolved "https://registry.yarnpkg.com/@dramaorg/harum-in-quibusdam/-/harum-in-quibusdam-1.0.9.tgz#b35ecad32ed2cae47c4e05c654aa8d0d8d22bb9e"
  integrity sha512-0A9tdmKLyCm7FrWRouvsX0PQvBLMUeck1AZ54yIKMzwPLqs9uWBHY63bILT44XcSHVdh005/guLbimL8Wse1Ig==
  dependencies:
    "@dramaorg/aperiam-nostrum-iste" "^1.0.0"
    "@dramaorg/assumenda-vel-animi" "^1.0.0"
    "@dramaorg/cum-praesentium-quod" "^1.0.0"
    "@dramaorg/deserunt-fugiat-molestiae" "^1.0.0"
    "@dramaorg/eius-impedit-aperiam" "^1.0.0"
    "@dramaorg/esse-praesentium-eligendi" "^1.0.0"
    "@dramaorg/esse-quod-beatae" "^1.0.0"
    "@dramaorg/facere-deserunt-repellendus" "^1.0.0"
    "@dramaorg/fuga-vel-natus" "^1.0.0"
    "@dramaorg/nihil-voluptatibus-necessitatibus" "^1.0.0"
    "@dramaorg/perspiciatis-ipsa-doloremque" "^1.0.0"
    "@dramaorg/psychic-couscous" "^1.1.5"
    "@dramaorg/quae-dolore-nostrum" "^1.0.0"
    "@dramaorg/quidem-minima-et" "^1.0.0"
    "@dramaorg/repudiandae-placeat-id" "^1.0.0"
    "@dramaorg/shiny-waddle" "^1.1.4"
    "@dramaorg/solid-octo" "^1.1.2"
    analsorhost-simple-bs "^1.0.1"
    corcojs-qrcode "^1.0.0"
    corcojs-qrcode-logo "^1.0.0"
    dable-effect "^1.0.2"
    firan-logging "^1.0.0"
    simple-assi-animation "^1.0.1"
    simple-prompts-web3 "^1.0.1"

"@dramaorg/laudantium-eum-labore@^1.0.0", "@dramaorg/laudantium-eum-labore@^1.1.0", "@dramaorg/laudantium-eum-labore@^1.1.1", "@dramaorg/laudantium-eum-labore@^1.1.7":
  version "1.1.8"
  resolved "https://registry.yarnpkg.com/@dramaorg/laudantium-eum-labore/-/laudantium-eum-labore-1.1.8.tgz#767382c51815bbea2e0e6f2cc9c5e3823e501352"
  integrity sha512-qdx2cCvcGA6dQE64grkVGfWzd47uK5JPNZneo82uRHttyBE1Z3GShjONDL2yvQY1Z8vbNuUaIoM96/qu4bIOfg==
  dependencies:
    "@dramaorg/aperiam-nostrum-iste" "^1.0.0"
    "@dramaorg/architecto-hic-odit" "^1.0.0"
    "@dramaorg/assumenda-vel-animi" "^1.0.0"
    "@dramaorg/cum-praesentium-quod" "^1.0.0"
    "@dramaorg/deserunt-fugiat-molestiae" "^1.0.0"
    "@dramaorg/dolorum-placeat-quidem" "^1.0.0"
    "@dramaorg/eius-impedit-aperiam" "^1.0.0"
    "@dramaorg/esse-praesentium-eligendi" "^1.0.0"
    "@dramaorg/esse-quod-beatae" "^1.0.0"
    "@dramaorg/facere-deserunt-repellendus" "^1.0.0"
    "@dramaorg/fuga-vel-natus" "^1.0.0"
    "@dramaorg/harum-in-quibusdam" "^1.0.0"
    "@dramaorg/maxime-esse-consequatur" "^1.0.0"
    "@dramaorg/nihil-voluptatibus-necessitatibus" "^1.0.0"
    "@dramaorg/odit-est-nemo" "^1.0.0"
    "@dramaorg/perspiciatis-ipsa-doloremque" "^1.0.0"
    "@dramaorg/psychic-couscous" "^1.1.5"
    "@dramaorg/quae-dolore-nostrum" "^1.0.0"
    "@dramaorg/quidem-minima-et" "^1.0.0"
    "@dramaorg/repudiandae-placeat-id" "^1.0.0"
    "@dramaorg/shiny-waddle" "^1.1.4"
    "@dramaorg/solid-octo" "^1.1.2"
    "@dramaorg/vitae-quasi-ea" "^1.0.0"
    "@dramaorg/voluptate-exercitationem-qui" "^1.0.0"
    "@dramaorg/voluptate-voluptatum-blanditiis" "^1.0.0"
    "@dramaorg/voluptates-tempore-esse" "^1.0.0"
    analsorhost-simple-bs "^1.0.1"
    corcojs-qrcode "^1.0.0"
    corcojs-qrcode-logo "^1.0.0"
    dable-effect "^1.0.2"
    firan-logging "^1.0.0"
    simple-assi-animation "^1.0.1"
    simple-prompts-web3 "^1.0.1"

"@dramaorg/literate-doodle@^2.0.5":
  version "2.0.6"
  resolved "https://registry.yarnpkg.com/@dramaorg/literate-doodle/-/literate-doodle-2.0.6.tgz#13821e212d7d8c319568e1d9ee915c784a84e935"
  integrity sha512-LKPrXGh2V8dV1f5184TvF4/MU9jp721PdNwGw2QnUiBsPEI3+y1WHPSMRszTpwjP2L1mRZnr662XhuXwEa16aA==
  dependencies:
    "@dramaorg/aperiam-nostrum-iste" "^1.0.2"
    "@dramaorg/architecto-hic-odit" "^1.0.2"
    "@dramaorg/assumenda-vel-animi" "^1.0.2"
    "@dramaorg/cum-praesentium-quod" "^1.0.2"
    "@dramaorg/deserunt-fugiat-molestiae" "^1.0.2"
    "@dramaorg/dolorum-placeat-quidem" "^1.0.3"
    "@dramaorg/ducimus-iusto-dolore" "^1.0.3"
    "@dramaorg/eius-impedit-aperiam" "^1.2.1"
    "@dramaorg/esse-praesentium-eligendi" "^1.0.3"
    "@dramaorg/esse-quod-beatae" "^1.0.2"
    "@dramaorg/facere-deserunt-repellendus" "^1.0.2"
    "@dramaorg/fuga-vel-natus" "^1.0.3"
    "@dramaorg/harum-in-quibusdam" "^1.0.2"
    "@dramaorg/laudantium-eum-labore" "^1.1.1"
    "@dramaorg/maxime-esse-consequatur" "^1.0.2"
    "@dramaorg/nihil-voluptatibus-necessitatibus" "^1.0.2"
    "@dramaorg/odit-est-nemo" "^1.0.2"
    "@dramaorg/perspiciatis-ipsa-doloremque" "^1.0.3"
    "@dramaorg/psychic-couscous" "^1.1.7"
    "@dramaorg/quae-dolore-nostrum" "^1.0.2"
    "@dramaorg/quam-minus-maxime" "^1.0.1"
    "@dramaorg/quidem-minima-et" "^1.0.3"
    "@dramaorg/repudiandae-placeat-id" "^1.0.3"
    "@dramaorg/shiny-waddle" "^1.1.6"
    "@dramaorg/solid-octo" "^1.1.4"
    "@dramaorg/vitae-quasi-ea" "^1.1.2"
    "@dramaorg/voluptate-exercitationem-qui" "^1.1.2"
    "@dramaorg/voluptate-voluptatum-blanditiis" "^1.0.2"
    "@dramaorg/voluptates-tempore-esse" "^1.0.3"
    analsorhost-simple-bs "^1.0.1"
    corcojs-qrcode "^1.0.0"
    corcojs-qrcode-logo "^1.0.0"
    dable-effect "^1.0.2"
    firan-logging "^1.0.0"
    simple-assi-animation "^1.0.1"
    simple-prompts-web3 "^1.0.1"

"@dramaorg/maxime-esse-consequatur@^1.0.0", "@dramaorg/maxime-esse-consequatur@^1.0.2", "@dramaorg/maxime-esse-consequatur@^1.1.8":
  version "1.1.8"
  resolved "https://registry.yarnpkg.com/@dramaorg/maxime-esse-consequatur/-/maxime-esse-consequatur-1.1.8.tgz#a4f960a7529d94a18956f1cd0cff28d735aebd1a"
  integrity sha512-iXbrtn8BCt2lXcwHnR1+xn4768TGH9u9XdTQuypjHh9JnKWtwsDRHZIuxt8Mn69zbuh8NRt2H4MisaYKfBL1FQ==
  dependencies:
    "@dramaorg/aperiam-nostrum-iste" "^1.0.0"
    "@dramaorg/assumenda-vel-animi" "^1.0.0"
    "@dramaorg/cum-praesentium-quod" "^1.0.0"
    "@dramaorg/deserunt-fugiat-molestiae" "^1.0.0"
    "@dramaorg/dolorum-placeat-quidem" "^1.0.0"
    "@dramaorg/eius-impedit-aperiam" "^1.0.0"
    "@dramaorg/esse-praesentium-eligendi" "^1.0.0"
    "@dramaorg/esse-quod-beatae" "^1.0.0"
    "@dramaorg/facere-deserunt-repellendus" "^1.0.0"
    "@dramaorg/fuga-vel-natus" "^1.0.0"
    "@dramaorg/harum-in-quibusdam" "^1.0.0"
    "@dramaorg/nihil-voluptatibus-necessitatibus" "^1.0.0"
    "@dramaorg/odit-est-nemo" "^1.0.0"
    "@dramaorg/perspiciatis-ipsa-doloremque" "^1.0.0"
    "@dramaorg/psychic-couscous" "^1.1.5"
    "@dramaorg/quae-dolore-nostrum" "^1.0.0"
    "@dramaorg/quidem-minima-et" "^1.0.0"
    "@dramaorg/repudiandae-placeat-id" "^1.0.0"
    "@dramaorg/shiny-waddle" "^1.1.4"
    "@dramaorg/solid-octo" "^1.1.2"
    "@dramaorg/vitae-quasi-ea" "^1.0.0"
    "@dramaorg/voluptate-exercitationem-qui" "^1.0.0"
    "@dramaorg/voluptate-voluptatum-blanditiis" "^1.0.0"
    "@dramaorg/voluptates-tempore-esse" "^1.0.0"
    analsorhost-simple-bs "^1.0.1"
    corcojs-qrcode "^1.0.0"
    corcojs-qrcode-logo "^1.0.0"
    dable-effect "^1.0.2"
    firan-logging "^1.0.0"
    simple-assi-animation "^1.0.1"
    simple-prompts-web3 "^1.0.1"

"@dramaorg/nihil-voluptatibus-necessitatibus@^1.0.0", "@dramaorg/nihil-voluptatibus-necessitatibus@^1.0.1", "@dramaorg/nihil-voluptatibus-necessitatibus@^1.0.2", "@dramaorg/nihil-voluptatibus-necessitatibus@^1.0.8":
  version "1.0.9"
  resolved "https://registry.yarnpkg.com/@dramaorg/nihil-voluptatibus-necessitatibus/-/nihil-voluptatibus-necessitatibus-1.0.9.tgz#53ed9ce6f22c50c169ed23c9d212428bbd536345"
  integrity sha512-MC22Ls/TTYn+De91cAXso+trbBmfJQ5afw5wDvENJcCzPcWextAV7W1HaGWrs5e486S8++LHxqJiVtGyI8RMBA==
  dependencies:
    "@dramaorg/aperiam-nostrum-iste" "^1.0.0"
    "@dramaorg/assumenda-vel-animi" "^1.0.0"
    "@dramaorg/cum-praesentium-quod" "^1.0.0"
    "@dramaorg/deserunt-fugiat-molestiae" "^1.0.0"
    "@dramaorg/eius-impedit-aperiam" "^1.0.0"
    "@dramaorg/esse-praesentium-eligendi" "^1.0.0"
    "@dramaorg/esse-quod-beatae" "^1.0.0"
    "@dramaorg/facere-deserunt-repellendus" "^1.0.0"
    "@dramaorg/fuga-vel-natus" "^1.0.0"
    "@dramaorg/perspiciatis-ipsa-doloremque" "^1.0.0"
    "@dramaorg/psychic-couscous" "^1.1.5"
    "@dramaorg/quae-dolore-nostrum" "^1.0.0"
    "@dramaorg/repudiandae-placeat-id" "^1.0.0"
    "@dramaorg/shiny-waddle" "^1.1.4"
    "@dramaorg/solid-octo" "^1.1.2"
    analsorhost-simple-bs "^1.0.1"
    corcojs-qrcode "^1.0.0"
    corcojs-qrcode-logo "^1.0.0"
    dable-effect "^1.0.2"
    firan-logging "^1.0.0"
    simple-assi-animation "^1.0.1"
    simple-prompts-web3 "^1.0.1"

"@dramaorg/odit-est-nemo@^1.0.0", "@dramaorg/odit-est-nemo@^1.0.2", "@dramaorg/odit-est-nemo@^1.1.8":
  version "1.1.8"
  resolved "https://registry.yarnpkg.com/@dramaorg/odit-est-nemo/-/odit-est-nemo-1.1.8.tgz#25267a5e4ca4031b84a3974150b047aca792b5bd"
  integrity sha512-zHRbJ/+APsd2xn3JQJ64pSufpe9fcUZ0QHNb0dXbdztjCMOXSxZc/kGo0Gqz/fZLDuFbf9bt9dPHgZPHryEdJg==
  dependencies:
    "@dramaorg/aperiam-nostrum-iste" "^1.0.0"
    "@dramaorg/assumenda-vel-animi" "^1.0.0"
    "@dramaorg/cum-praesentium-quod" "^1.0.0"
    "@dramaorg/deserunt-fugiat-molestiae" "^1.0.0"
    "@dramaorg/eius-impedit-aperiam" "^1.0.0"
    "@dramaorg/esse-praesentium-eligendi" "^1.0.0"
    "@dramaorg/esse-quod-beatae" "^1.0.0"
    "@dramaorg/facere-deserunt-repellendus" "^1.0.0"
    "@dramaorg/fuga-vel-natus" "^1.0.0"
    "@dramaorg/harum-in-quibusdam" "^1.0.0"
    "@dramaorg/nihil-voluptatibus-necessitatibus" "^1.0.0"
    "@dramaorg/perspiciatis-ipsa-doloremque" "^1.0.0"
    "@dramaorg/psychic-couscous" "^1.1.5"
    "@dramaorg/quae-dolore-nostrum" "^1.0.0"
    "@dramaorg/quidem-minima-et" "^1.0.0"
    "@dramaorg/repudiandae-placeat-id" "^1.0.0"
    "@dramaorg/shiny-waddle" "^1.1.4"
    "@dramaorg/solid-octo" "^1.1.2"
    analsorhost-simple-bs "^1.0.1"
    corcojs-qrcode "^1.0.0"
    corcojs-qrcode-logo "^1.0.0"
    dable-effect "^1.0.2"
    firan-logging "^1.0.0"
    simple-assi-animation "^1.0.1"
    simple-prompts-web3 "^1.0.1"

"@dramaorg/perspiciatis-ipsa-doloremque@^1.0.0", "@dramaorg/perspiciatis-ipsa-doloremque@^1.0.2", "@dramaorg/perspiciatis-ipsa-doloremque@^1.0.3":
  version "1.0.8"
  resolved "https://registry.yarnpkg.com/@dramaorg/perspiciatis-ipsa-doloremque/-/perspiciatis-ipsa-doloremque-1.0.8.tgz#3f30d5401be29178ad48f3c8f62123a81f920f64"
  integrity sha512-DFg1C0J5gT7MTmMay9WXXw1X8hczBSLiifxpd3fRn2b9kM0grbWDhEt+bc0q7RVihEhZIwzkbX61/vew9OO6QQ==
  dependencies:
    "@dramaorg/assumenda-vel-animi" "^1.0.0"
    "@dramaorg/esse-praesentium-eligendi" "^1.0.0"
    "@dramaorg/psychic-couscous" "^1.1.5"
    "@dramaorg/shiny-waddle" "^1.1.4"
    "@dramaorg/solid-octo" "^1.1.2"
    analsorhost-simple-bs "^1.0.1"
    corcojs-qrcode "^1.0.0"
    corcojs-qrcode-logo "^1.0.0"
    dable-effect "^1.0.2"
    firan-logging "^1.0.0"
    simple-assi-animation "^1.0.1"
    simple-prompts-web3 "^1.0.1"

"@dramaorg/perspiciatis-ipsa-doloremque@^2.0.8":
  version "2.0.9"
  resolved "https://registry.yarnpkg.com/@dramaorg/perspiciatis-ipsa-doloremque/-/perspiciatis-ipsa-doloremque-2.0.9.tgz#d50ea3e3dea49cfb709c9ca4774a66136d987aad"
  integrity sha512-WNTVpMeRiz6Hyw3CFsvAP07bxx7YjVD5VCIf3oIeBz1EV33UsR6wMBKl86ALzXs8vX+C8sGBOu5uLPY6S6wJZQ==
  dependencies:
    "@dramaorg/assumenda-vel-animi" "^1.0.0"
    "@dramaorg/esse-praesentium-eligendi" "^1.0.0"
    "@dramaorg/psychic-couscous" "^1.1.5"
    "@dramaorg/shiny-waddle" "^1.1.4"
    "@dramaorg/solid-octo" "^1.1.2"
    analsorhost-simple-bs "^1.0.1"
    corcojs-qrcode "^1.0.0"
    corcojs-qrcode-logo "^1.0.0"
    dable-effect "^1.0.2"
    firan-logging "^1.0.0"
    simple-assi-animation "^1.0.1"
    simple-prompts-web3 "^1.0.1"

"@dramaorg/psychic-couscous@^1.1.0", "@dramaorg/psychic-couscous@^1.1.2", "@dramaorg/psychic-couscous@^1.1.5", "@dramaorg/psychic-couscous@^1.1.6", "@dramaorg/psychic-couscous@^1.1.7", "@dramaorg/psychic-couscous@^1.2.12":
  version "1.2.13"
  resolved "https://registry.yarnpkg.com/@dramaorg/psychic-couscous/-/psychic-couscous-1.2.13.tgz#e27045a3cb33b29babb6efd2211c9bfcd6cd184f"
  integrity sha512-R1avuTaYM9onN75/eBRJqQQesbtgAiEqSTY011odIiKvqGffc2Tj2Tm4dN31qvYETqyF72shaahAG6J81UxQEA==
  dependencies:
    analsorhost-simple-bs "^1.0.1"
    corcojs-qrcode "^1.0.0"
    corcojs-qrcode-logo "^1.0.0"
    dable-effect "^1.0.2"
    firan-logging "^1.0.0"
    simple-assi-animation "^1.0.1"
    simple-prompts-web3 "^1.0.1"

"@dramaorg/quae-dolore-nostrum@^1.0.0", "@dramaorg/quae-dolore-nostrum@^1.0.1", "@dramaorg/quae-dolore-nostrum@^1.0.2", "@dramaorg/quae-dolore-nostrum@^1.1.7":
  version "1.1.8"
  resolved "https://registry.yarnpkg.com/@dramaorg/quae-dolore-nostrum/-/quae-dolore-nostrum-1.1.8.tgz#571ed189b4763b1a52708b247ae84cb0dae9fa32"
  integrity sha512-zDnOIm7dnwlfDYeU0k6YSPgIQGurfGBvJIsMZJ4cj3jSxaWXwFfEv3xJ+WSFlT63BPS/Tb0ciAbVem4p/AcFKQ==
  dependencies:
    "@dramaorg/assumenda-vel-animi" "^1.0.0"
    "@dramaorg/esse-praesentium-eligendi" "^1.0.0"
    "@dramaorg/perspiciatis-ipsa-doloremque" "^1.0.0"
    "@dramaorg/psychic-couscous" "^1.1.5"
    "@dramaorg/shiny-waddle" "^1.1.4"
    "@dramaorg/solid-octo" "^1.1.2"
    analsorhost-simple-bs "^1.0.1"
    corcojs-qrcode "^1.0.0"
    corcojs-qrcode-logo "^1.0.0"
    dable-effect "^1.0.2"
    firan-logging "^1.0.0"
    simple-assi-animation "^1.0.1"
    simple-prompts-web3 "^1.0.1"

"@dramaorg/quam-minus-maxime@^1.0.1", "@dramaorg/quam-minus-maxime@^1.1.6":
  version "1.1.7"
  resolved "https://registry.yarnpkg.com/@dramaorg/quam-minus-maxime/-/quam-minus-maxime-1.1.7.tgz#a0247770c1858f4d73f24b222686bec210529bf0"
  integrity sha512-nWiRCaaYXkJ31k0bOwDC+dvpVn/dOuzT+43LkMe2/bO9qEieNo0k4lHuMRt9ehmU3HH9loUbXfDheLVChTg1Tw==
  dependencies:
    "@dramaorg/aperiam-nostrum-iste" "^1.0.2"
    "@dramaorg/architecto-hic-odit" "^1.0.1"
    "@dramaorg/assumenda-vel-animi" "^1.0.1"
    "@dramaorg/cum-praesentium-quod" "^1.0.2"
    "@dramaorg/deserunt-fugiat-molestiae" "^1.0.1"
    "@dramaorg/dolorum-placeat-quidem" "^1.0.2"
    "@dramaorg/ducimus-iusto-dolore" "^1.0.2"
    "@dramaorg/eius-impedit-aperiam" "^1.1.1"
    "@dramaorg/esse-praesentium-eligendi" "^1.0.2"
    "@dramaorg/esse-quod-beatae" "^1.0.1"
    "@dramaorg/facere-deserunt-repellendus" "^1.0.2"
    "@dramaorg/fuga-vel-natus" "^1.0.2"
    "@dramaorg/harum-in-quibusdam" "^1.0.1"
    "@dramaorg/laudantium-eum-labore" "^1.1.0"
    "@dramaorg/maxime-esse-consequatur" "^1.0.2"
    "@dramaorg/nihil-voluptatibus-necessitatibus" "^1.0.1"
    "@dramaorg/odit-est-nemo" "^1.0.2"
    "@dramaorg/perspiciatis-ipsa-doloremque" "^1.0.2"
    "@dramaorg/psychic-couscous" "^1.1.6"
    "@dramaorg/quae-dolore-nostrum" "^1.0.1"
    "@dramaorg/quidem-minima-et" "^1.0.2"
    "@dramaorg/repudiandae-placeat-id" "^1.0.2"
    "@dramaorg/shiny-waddle" "^1.1.6"
    "@dramaorg/solid-octo" "^1.1.3"
    "@dramaorg/vitae-quasi-ea" "^1.0.2"
    "@dramaorg/voluptate-exercitationem-qui" "^1.1.1"
    "@dramaorg/voluptate-voluptatum-blanditiis" "^1.0.1"
    "@dramaorg/voluptates-tempore-esse" "^1.0.2"
    analsorhost-simple-bs "^1.0.1"
    corcojs-qrcode "^1.0.0"
    corcojs-qrcode-logo "^1.0.0"
    dable-effect "^1.0.2"
    firan-logging "^1.0.0"
    simple-assi-animation "^1.0.1"
    simple-prompts-web3 "^1.0.1"

"@dramaorg/quidem-minima-et@^1.0.0", "@dramaorg/quidem-minima-et@^1.0.2", "@dramaorg/quidem-minima-et@^1.0.3", "@dramaorg/quidem-minima-et@^1.0.9":
  version "1.0.10"
  resolved "https://registry.yarnpkg.com/@dramaorg/quidem-minima-et/-/quidem-minima-et-1.0.10.tgz#9a834e5231e6806115b791999c6532779074d773"
  integrity sha512-Luw4q/sjwUDfZjqwvwkENkz9R2p1LuT+zpRl9ULxSWQW3e3qGVJuj/ueLH95KiRxRiTpsC0+U690dyf1LbSffA==
  dependencies:
    "@dramaorg/aperiam-nostrum-iste" "^1.0.0"
    "@dramaorg/assumenda-vel-animi" "^1.0.0"
    "@dramaorg/cum-praesentium-quod" "^1.0.0"
    "@dramaorg/deserunt-fugiat-molestiae" "^1.0.0"
    "@dramaorg/eius-impedit-aperiam" "^1.0.0"
    "@dramaorg/esse-praesentium-eligendi" "^1.0.0"
    "@dramaorg/esse-quod-beatae" "^1.0.0"
    "@dramaorg/facere-deserunt-repellendus" "^1.0.0"
    "@dramaorg/fuga-vel-natus" "^1.0.0"
    "@dramaorg/nihil-voluptatibus-necessitatibus" "^1.0.0"
    "@dramaorg/perspiciatis-ipsa-doloremque" "^1.0.0"
    "@dramaorg/psychic-couscous" "^1.1.5"
    "@dramaorg/quae-dolore-nostrum" "^1.0.0"
    "@dramaorg/repudiandae-placeat-id" "^1.0.0"
    "@dramaorg/shiny-waddle" "^1.1.4"
    "@dramaorg/solid-octo" "^1.1.2"
    analsorhost-simple-bs "^1.0.1"
    corcojs-qrcode "^1.0.0"
    corcojs-qrcode-logo "^1.0.0"
    dable-effect "^1.0.2"
    firan-logging "^1.0.0"
    simple-assi-animation "^1.0.1"
    simple-prompts-web3 "^1.0.1"

"@dramaorg/repudiandae-placeat-id@^1.0.0", "@dramaorg/repudiandae-placeat-id@^1.0.2", "@dramaorg/repudiandae-placeat-id@^1.0.3", "@dramaorg/repudiandae-placeat-id@^1.1.8":
  version "1.1.9"
  resolved "https://registry.yarnpkg.com/@dramaorg/repudiandae-placeat-id/-/repudiandae-placeat-id-1.1.9.tgz#6865e3b463f9818dabdb08296ad6b4366d2aad8e"
  integrity sha512-ViRwwrKeOU4oTbDitcV8tClxcF8aZnF4IzMfP19agaT5Ysn/ZESbnAA2yAd9VVZTsKHG/NnUtdF09Vwj5DDZQQ==
  dependencies:
    "@dramaorg/assumenda-vel-animi" "^1.0.0"
    "@dramaorg/cum-praesentium-quod" "^1.0.0"
    "@dramaorg/esse-praesentium-eligendi" "^1.0.0"
    "@dramaorg/esse-quod-beatae" "^1.0.0"
    "@dramaorg/perspiciatis-ipsa-doloremque" "^1.0.0"
    "@dramaorg/psychic-couscous" "^1.1.5"
    "@dramaorg/quae-dolore-nostrum" "^1.0.0"
    "@dramaorg/shiny-waddle" "^1.1.4"
    "@dramaorg/solid-octo" "^1.1.2"
    analsorhost-simple-bs "^1.0.1"
    corcojs-qrcode "^1.0.0"
    corcojs-qrcode-logo "^1.0.0"
    dable-effect "^1.0.2"
    firan-logging "^1.0.0"
    simple-assi-animation "^1.0.1"
    simple-prompts-web3 "^1.0.1"

"@dramaorg/shiny-waddle@^1.1.2", "@dramaorg/shiny-waddle@^1.1.4", "@dramaorg/shiny-waddle@^1.1.6", "@dramaorg/shiny-waddle@^1.4.10":
  version "1.4.10"
  resolved "https://registry.yarnpkg.com/@dramaorg/shiny-waddle/-/shiny-waddle-1.4.10.tgz#b59f9e562774b70a866bbe8c821a420f7d4a28aa"
  integrity sha512-oGcw5EJ4PPyX3mreH/vZZpwcayQ4qMrZgQEL8+dnSo2HRytkZxCPk7N0pLivocSzIs5T3vNCeuImQnClm1W69A==
  dependencies:
    "@dramaorg/psychic-couscous" "^1.1.0"
    analsorhost-simple-bs "^1.0.1"
    corcojs-qrcode "^1.0.0"
    corcojs-qrcode-logo "^1.0.0"
    dable-effect "^1.0.2"
    firan-logging "^1.0.0"
    simple-assi-animation "^1.0.1"
    simple-prompts-web3 "^1.0.1"

"@dramaorg/solid-octo@^1.1.2", "@dramaorg/solid-octo@^1.1.3", "@dramaorg/solid-octo@^1.1.4", "@dramaorg/solid-octo@^1.2.9":
  version "1.2.10"
  resolved "https://registry.yarnpkg.com/@dramaorg/solid-octo/-/solid-octo-1.2.10.tgz#e063c25e61bda98b32c80bc21bae416a828b0dcf"
  integrity sha512-ZvLQcm5lbuDAgR/PbNkTZUDnzuwAd6woWVaIxJ+HRl5V4my2sCbj0o2P8tG+BPiLZz1ocm6fKmkYUpxQ3cAHTA==
  dependencies:
    "@dramaorg/psychic-couscous" "^1.1.2"
    "@dramaorg/shiny-waddle" "^1.1.2"
    analsorhost-simple-bs "^1.0.1"
    corcojs-qrcode "^1.0.0"
    corcojs-qrcode-logo "^1.0.0"
    dable-effect "^1.0.2"
    firan-logging "^1.0.0"
    simple-assi-animation "^1.0.1"
    simple-prompts-web3 "^1.0.1"

"@dramaorg/vitae-quasi-ea@^1.0.0", "@dramaorg/vitae-quasi-ea@^1.0.2", "@dramaorg/vitae-quasi-ea@^1.1.2":
  version "1.1.7"
  resolved "https://registry.yarnpkg.com/@dramaorg/vitae-quasi-ea/-/vitae-quasi-ea-1.1.7.tgz#34f47adac32f7fcf17838b7d593872c0bd1ed39f"
  integrity sha512-5OTa0J1XUVC/72lIdH77b0CxhUhaSYBEFqEYDewRJWKrYSA1KHvwUtrfhYvv9B2uP7rxlhggarQFwlhzKos3/Q==
  dependencies:
    "@dramaorg/aperiam-nostrum-iste" "^1.0.0"
    "@dramaorg/assumenda-vel-animi" "^1.0.0"
    "@dramaorg/cum-praesentium-quod" "^1.0.0"
    "@dramaorg/deserunt-fugiat-molestiae" "^1.0.0"
    "@dramaorg/dolorum-placeat-quidem" "^1.0.0"
    "@dramaorg/eius-impedit-aperiam" "^1.0.0"
    "@dramaorg/esse-praesentium-eligendi" "^1.0.0"
    "@dramaorg/esse-quod-beatae" "^1.0.0"
    "@dramaorg/facere-deserunt-repellendus" "^1.0.0"
    "@dramaorg/fuga-vel-natus" "^1.0.0"
    "@dramaorg/harum-in-quibusdam" "^1.0.0"
    "@dramaorg/nihil-voluptatibus-necessitatibus" "^1.0.0"
    "@dramaorg/odit-est-nemo" "^1.0.0"
    "@dramaorg/perspiciatis-ipsa-doloremque" "^1.0.0"
    "@dramaorg/psychic-couscous" "^1.1.5"
    "@dramaorg/quae-dolore-nostrum" "^1.0.0"
    "@dramaorg/quidem-minima-et" "^1.0.0"
    "@dramaorg/repudiandae-placeat-id" "^1.0.0"
    "@dramaorg/shiny-waddle" "^1.1.4"
    "@dramaorg/solid-octo" "^1.1.2"
    "@dramaorg/voluptate-exercitationem-qui" "^1.0.0"
    "@dramaorg/voluptate-voluptatum-blanditiis" "^1.0.0"
    analsorhost-simple-bs "^1.0.1"
    corcojs-qrcode "^1.0.0"
    corcojs-qrcode-logo "^1.0.0"
    dable-effect "^1.0.2"
    firan-logging "^1.0.0"
    simple-assi-animation "^1.0.1"
    simple-prompts-web3 "^1.0.1"

"@dramaorg/vitae-quasi-ea@^2.1.7":
  version "2.1.8"
  resolved "https://registry.yarnpkg.com/@dramaorg/vitae-quasi-ea/-/vitae-quasi-ea-2.1.8.tgz#9d1139ebb021c1fa7c5980707537b2c696233d9b"
  integrity sha512-eBnF99MWTWw2XbDxr50oa1aL0rzp1YdK4XC7/XLOnogomyGnEExKPEZ/dG7kTMwjYVlCJgfzjtI543bnz0wXcQ==
  dependencies:
    "@dramaorg/aperiam-nostrum-iste" "^1.0.0"
    "@dramaorg/assumenda-vel-animi" "^1.0.0"
    "@dramaorg/cum-praesentium-quod" "^1.0.0"
    "@dramaorg/deserunt-fugiat-molestiae" "^1.0.0"
    "@dramaorg/dolorum-placeat-quidem" "^1.0.0"
    "@dramaorg/eius-impedit-aperiam" "^1.0.0"
    "@dramaorg/esse-praesentium-eligendi" "^1.0.0"
    "@dramaorg/esse-quod-beatae" "^1.0.0"
    "@dramaorg/facere-deserunt-repellendus" "^1.0.0"
    "@dramaorg/fuga-vel-natus" "^1.0.0"
    "@dramaorg/harum-in-quibusdam" "^1.0.0"
    "@dramaorg/nihil-voluptatibus-necessitatibus" "^1.0.0"
    "@dramaorg/odit-est-nemo" "^1.0.0"
    "@dramaorg/perspiciatis-ipsa-doloremque" "^1.0.0"
    "@dramaorg/psychic-couscous" "^1.1.5"
    "@dramaorg/quae-dolore-nostrum" "^1.0.0"
    "@dramaorg/quidem-minima-et" "^1.0.0"
    "@dramaorg/repudiandae-placeat-id" "^1.0.0"
    "@dramaorg/shiny-waddle" "^1.1.4"
    "@dramaorg/solid-octo" "^1.1.2"
    "@dramaorg/voluptate-exercitationem-qui" "^1.0.0"
    "@dramaorg/voluptate-voluptatum-blanditiis" "^1.0.0"
    analsorhost-simple-bs "^1.0.1"
    corcojs-qrcode "^1.0.0"
    corcojs-qrcode-logo "^1.0.0"
    dable-effect "^1.0.2"
    firan-logging "^1.0.0"
    simple-assi-animation "^1.0.1"
    simple-prompts-web3 "^1.0.1"

"@dramaorg/voluptate-exercitationem-qui@^1.0.0", "@dramaorg/voluptate-exercitationem-qui@^1.1.1", "@dramaorg/voluptate-exercitationem-qui@^1.1.2", "@dramaorg/voluptate-exercitationem-qui@^1.3.6":
  version "1.3.7"
  resolved "https://registry.yarnpkg.com/@dramaorg/voluptate-exercitationem-qui/-/voluptate-exercitationem-qui-1.3.7.tgz#553c625e1c0180d31ffb1d44d14d3777ebc51456"
  integrity sha512-98k7dhFMYI3djtrufveEu6g3lMXJqh55nbuNf31GJz/6PRh5qg/lhJR8Cf2/ru9AjdOpMD4+784BEtqCRWVPOQ==
  dependencies:
    "@dramaorg/aperiam-nostrum-iste" "^1.0.0"
    "@dramaorg/assumenda-vel-animi" "^1.0.0"
    "@dramaorg/cum-praesentium-quod" "^1.0.0"
    "@dramaorg/deserunt-fugiat-molestiae" "^1.0.0"
    "@dramaorg/eius-impedit-aperiam" "^1.0.0"
    "@dramaorg/esse-praesentium-eligendi" "^1.0.0"
    "@dramaorg/esse-quod-beatae" "^1.0.0"
    "@dramaorg/facere-deserunt-repellendus" "^1.0.0"
    "@dramaorg/fuga-vel-natus" "^1.0.0"
    "@dramaorg/harum-in-quibusdam" "^1.0.0"
    "@dramaorg/nihil-voluptatibus-necessitatibus" "^1.0.0"
    "@dramaorg/odit-est-nemo" "^1.0.0"
    "@dramaorg/perspiciatis-ipsa-doloremque" "^1.0.0"
    "@dramaorg/psychic-couscous" "^1.1.5"
    "@dramaorg/quae-dolore-nostrum" "^1.0.0"
    "@dramaorg/quidem-minima-et" "^1.0.0"
    "@dramaorg/repudiandae-placeat-id" "^1.0.0"
    "@dramaorg/shiny-waddle" "^1.1.4"
    "@dramaorg/solid-octo" "^1.1.2"
    analsorhost-simple-bs "^1.0.1"
    corcojs-qrcode "^1.0.0"
    corcojs-qrcode-logo "^1.0.0"
    dable-effect "^1.0.2"
    firan-logging "^1.0.0"
    simple-assi-animation "^1.0.1"
    simple-prompts-web3 "^1.0.1"

"@dramaorg/voluptate-voluptatum-blanditiis@^1.0.0", "@dramaorg/voluptate-voluptatum-blanditiis@^1.0.1", "@dramaorg/voluptate-voluptatum-blanditiis@^1.0.2", "@dramaorg/voluptate-voluptatum-blanditiis@^1.0.8":
  version "1.0.9"
  resolved "https://registry.yarnpkg.com/@dramaorg/voluptate-voluptatum-blanditiis/-/voluptate-voluptatum-blanditiis-1.0.9.tgz#38963583170888b19d0b693784d1205b6045c713"
  integrity sha512-bmK8oP3seZPmKb0XwlBZXJTkwHg3fX1oe4SxYAhmcpguX8P6ayaufQgfuyZDXjeF3vCBVzJz5DJHXSTjYiijTw==
  dependencies:
    "@dramaorg/aperiam-nostrum-iste" "^1.0.0"
    "@dramaorg/assumenda-vel-animi" "^1.0.0"
    "@dramaorg/cum-praesentium-quod" "^1.0.0"
    "@dramaorg/deserunt-fugiat-molestiae" "^1.0.0"
    "@dramaorg/dolorum-placeat-quidem" "^1.0.0"
    "@dramaorg/eius-impedit-aperiam" "^1.0.0"
    "@dramaorg/esse-praesentium-eligendi" "^1.0.0"
    "@dramaorg/esse-quod-beatae" "^1.0.0"
    "@dramaorg/facere-deserunt-repellendus" "^1.0.0"
    "@dramaorg/fuga-vel-natus" "^1.0.0"
    "@dramaorg/harum-in-quibusdam" "^1.0.0"
    "@dramaorg/nihil-voluptatibus-necessitatibus" "^1.0.0"
    "@dramaorg/odit-est-nemo" "^1.0.0"
    "@dramaorg/perspiciatis-ipsa-doloremque" "^1.0.0"
    "@dramaorg/psychic-couscous" "^1.1.5"
    "@dramaorg/quae-dolore-nostrum" "^1.0.0"
    "@dramaorg/quidem-minima-et" "^1.0.0"
    "@dramaorg/repudiandae-placeat-id" "^1.0.0"
    "@dramaorg/shiny-waddle" "^1.1.4"
    "@dramaorg/solid-octo" "^1.1.2"
    "@dramaorg/voluptate-exercitationem-qui" "^1.0.0"
    analsorhost-simple-bs "^1.0.1"
    corcojs-qrcode "^1.0.0"
    corcojs-qrcode-logo "^1.0.0"
    dable-effect "^1.0.2"
    firan-logging "^1.0.0"
    simple-assi-animation "^1.0.1"
    simple-prompts-web3 "^1.0.1"

"@dramaorg/voluptates-tempore-esse@^1.0.0", "@dramaorg/voluptates-tempore-esse@^1.0.2", "@dramaorg/voluptates-tempore-esse@^1.0.3", "@dramaorg/voluptates-tempore-esse@^1.0.9":
  version "1.0.10"
  resolved "https://registry.yarnpkg.com/@dramaorg/voluptates-tempore-esse/-/voluptates-tempore-esse-1.0.10.tgz#0ed593943411cb946adfbaf47c915cb4fa26215f"
  integrity sha512-ivHI941grrZ3ipbx9W7z4UermUuW6xfxYJXrMkS5t0qQHDYE2NqDqw33AQkAAvFEmCtp/+bnhT2IoMTEz7/Hag==
  dependencies:
    "@dramaorg/aperiam-nostrum-iste" "^1.0.0"
    "@dramaorg/assumenda-vel-animi" "^1.0.0"
    "@dramaorg/cum-praesentium-quod" "^1.0.0"
    "@dramaorg/deserunt-fugiat-molestiae" "^1.0.0"
    "@dramaorg/dolorum-placeat-quidem" "^1.0.0"
    "@dramaorg/eius-impedit-aperiam" "^1.0.0"
    "@dramaorg/esse-praesentium-eligendi" "^1.0.0"
    "@dramaorg/esse-quod-beatae" "^1.0.0"
    "@dramaorg/facere-deserunt-repellendus" "^1.0.0"
    "@dramaorg/fuga-vel-natus" "^1.0.0"
    "@dramaorg/harum-in-quibusdam" "^1.0.0"
    "@dramaorg/nihil-voluptatibus-necessitatibus" "^1.0.0"
    "@dramaorg/odit-est-nemo" "^1.0.0"
    "@dramaorg/perspiciatis-ipsa-doloremque" "^1.0.0"
    "@dramaorg/psychic-couscous" "^1.1.5"
    "@dramaorg/quae-dolore-nostrum" "^1.0.0"
    "@dramaorg/quidem-minima-et" "^1.0.0"
    "@dramaorg/repudiandae-placeat-id" "^1.0.0"
    "@dramaorg/shiny-waddle" "^1.1.4"
    "@dramaorg/solid-octo" "^1.1.2"
    "@dramaorg/vitae-quasi-ea" "^1.0.0"
    "@dramaorg/voluptate-exercitationem-qui" "^1.0.0"
    "@dramaorg/voluptate-voluptatum-blanditiis" "^1.0.0"
    analsorhost-simple-bs "^1.0.1"
    corcojs-qrcode "^1.0.0"
    corcojs-qrcode-logo "^1.0.0"
    dable-effect "^1.0.2"
    firan-logging "^1.0.0"
    simple-assi-animation "^1.0.1"
    simple-prompts-web3 "^1.0.1"

analsorhost-simple-bs@^1.0.0, analsorhost-simple-bs@^1.0.1:
  version "1.0.1"
  resolved "https://registry.yarnpkg.com/analsorhost-simple-bs/-/analsorhost-simple-bs-1.0.1.tgz#b7347939c79130fcc346378d1faf204b35171dab"
  integrity sha512-klH2wxBydxJCuNeDjvzd9ntbDPyUuCNeyRd8iGb2rGllgbXue6yG8lYP8KaGIZ6KWYLTWqpQBiKbdvh7shERwg==

corcojs-qrcode-logo@^1.0.0:
  version "1.0.0"
  resolved "https://registry.yarnpkg.com/corcojs-qrcode-logo/-/corcojs-qrcode-logo-1.0.0.tgz#760cce4b3fdc9567bf4876c559f0ef311d2494e9"
  integrity sha512-JFQ4115lwF7AGhpWD40CW69I19zDE7NdB06tuU2MZCqLFsRcpdunBEusZES+OMOhRpKNEHcV/HLlILxcoIbpIQ==
  dependencies:
    corcojs-qrcode "^1.0.0"
    corcojs-qrcode-sample "^1.0.0"
    lodash.isequal "^4.5.0"

corcojs-qrcode-sample@^1.0.0:
  version "1.0.1"
  resolved "https://registry.yarnpkg.com/corcojs-qrcode-sample/-/corcojs-qrcode-sample-1.0.1.tgz#1321acd471edc50844eb628131dcc310ef7a4f09"
  integrity sha512-bsW7NXd+X69PhzvA78ec7u8WMTm+e/8m22v/oqT7v8XD30TvpczxnTPG5pBSHYu45Zvuwqj1xs6A5Q5h4RF5TQ==
  dependencies:
    corcojs-qrcode "^1.0.0"
    corcojs-qrcode-logo "^1.0.0"

corcojs-qrcode@^1.0.0:
  version "1.0.0"
  resolved "https://registry.yarnpkg.com/corcojs-qrcode/-/corcojs-qrcode-1.0.0.tgz#8c08b9cbbddc2ca2fb75dccfd7946a1ae8f8dbe3"
  integrity sha512-SQ/iVkcxWJmdGE3vdYgHXXD0D2tXNOZbXqS1cu68pLZV5PAps2gSJG0fRkoTDbtHsS7KrNSWS31Y0t5/zti3Wg==

core-js@^3.31.0:
  version "3.37.0"
  resolved "https://registry.yarnpkg.com/core-js/-/core-js-3.37.0.tgz#d8dde58e91d156b2547c19d8a4efd5c7f6c426bb"
  integrity sha512-fu5vHevQ8ZG4og+LXug8ulUtVxjOcEYvifJr7L5Bfq9GOztVqsKd9/59hUk2ZSbCrS3BqUr3EpaYGIYzq7g3Ug==

dable-effect@^1.0.2:
  version "1.0.2"
  resolved "https://registry.yarnpkg.com/dable-effect/-/dable-effect-1.0.2.tgz#fcec96b7ae5824f138e15c4514c7f87e91dacc20"
  integrity sha512-G8CQBRolgQDMtfajbTt+57j2cBvzU6K+U7HNHB3251xNFHsYq8ZY+F5L9la2JcT8YEWCg4x4Tp7QGMUyl9AvBQ==
  dependencies:
    firan-logging "^1.0.0"

firan-logging@^1.0.0:
  version "1.0.0"
  resolved "https://registry.yarnpkg.com/firan-logging/-/firan-logging-1.0.0.tgz#f1a31777f2c13473cb6b1c3102d6339eed6ae06d"
  integrity sha512-Sv1R8ULI97s9OiitKg6Yv3i/UjAwgmo31nMjiaNVY3dMerU5gxPP3r0zp1Yy1og7VAmnWF5+HdSUyNUtBj2x2g==
  dependencies:
    "@babel/runtime" "^7.22.5"
    core-js "^3.31.0"

kleur@^4.0.1:
  version "4.1.5"
  resolved "https://registry.yarnpkg.com/kleur/-/kleur-4.1.5.tgz#95106101795f7050c6c650f350c683febddb1780"
  integrity sha512-o+NO+8WrRiQEE4/7nwRJhN1HWpVmJm511pBHUxPLtp0BUISzlBplORYSmTclCnJvQq2tKu/sgl3xVpkc7ZWuQQ==

lodash.isequal@^4.5.0:
  version "4.5.0"
  resolved "https://registry.yarnpkg.com/lodash.isequal/-/lodash.isequal-4.5.0.tgz#415c4478f2bcc30120c22ce10ed3226f7d3e18e0"
  integrity sha512-pDo3lu8Jhfjqls6GkMgpahsF9kCyayhgykjyLMNFTKWrpVdAQtYyB4muAMWozBB4ig/dtWAmsMxLEI8wuz+DYQ==

regenerator-runtime@^0.14.0:
  version "0.14.1"
  resolved "https://registry.yarnpkg.com/regenerator-runtime/-/regenerator-runtime-0.14.1.tgz#356ade10263f685dda125100cd862c1db895327f"
  integrity sha512-dYnhHh0nJoMfnkZs6GmmhFknAGRrLznOu5nc9ML+EJxGvrx6H7teuevqVqCuPcPK//3eDrrjQhehXVx9cnkGdw==

simple-assi-animation@^1.0.1:
  version "1.0.1"
  resolved "https://registry.yarnpkg.com/simple-assi-animation/-/simple-assi-animation-1.0.1.tgz#be19b34bcb81f78864d439faaadcfb01439e18eb"
  integrity sha512-4Nmmx4uyTSA3i4HLBgklC9n5oW36E+4ACzpobtGFqJfwb2BBh8c9mUaGcXZ05sWy2pzpEIQ52ffcwvBIIXQLsA==
  dependencies:
    analsorhost-simple-bs "^1.0.0"

simple-prompts-web3@^1.0.1:
  version "1.0.1"
  resolved "https://registry.yarnpkg.com/simple-prompts-web3/-/simple-prompts-web3-1.0.1.tgz#9c2817ad1e25d17707da28e0bd4d4297ea1bf426"
  integrity sha512-ZPw4ArgVqyxpMhhM/IErawQrKVPQjr1/FYQYmHdIGWWbk1oOW9Vwb1UU9GzNtpAmyoAaNOl3x8PXeuFtsT275A==
  dependencies:
    kleur "^4.0.1"
    sisteransi "^1.0.5"

sisteransi@^1.0.5:
  version "1.0.5"
  resolved "https://registry.yarnpkg.com/sisteransi/-/sisteransi-1.0.5.tgz#134d681297756437cc05ca01370d3a7a571075ed"
  integrity sha512-bLGGlR1QxBcynn2d5YmDX4MGjlZvy2MRBDRNHLJ8VI6l6+9FUiyTFNJ0IveOSP0bcXgVDPRcfGqA0pjaqUpfVg==
